
Microsoft Visual Studio Solution File, Format Version 12.00
# Visual Studio Version 16
VisualStudioVersion = 16.0.30114.105
MinimumVisualStudioVersion = 10.0.40219.1
Project("{FAE04EC0-301F-11D3-BF4B-00C04F79EFBC}") = "EshopMicro6.Web", "EshopMicro6.Web\EshopMicro6.Web.csproj", "{07BDC7C6-7430-48B1-9F78-EB725FCDBC78}"
EndProject
Project("{2150E333-8FDC-42A3-9474-1A3956D46DE8}") = "EshopMicro6.Services", "EshopMicro6.Services", "{504CE8BA-35BC-407B-ABDC-53E28D9BFC6A}"
EndProject
Project("{FAE04EC0-301F-11D3-BF4B-00C04F79EFBC}") = "EshopMicro6.Services.ProductApi", "EshopMicro6.Services\EshopMicro6.Services.ProductApi\EshopMicro6.Services.ProductApi.csproj", "{080EE91B-6F8F-4C77-B0BC-80FC41F27892}"
EndProject
Project("{FAE04EC0-301F-11D3-BF4B-00C04F79EFBC}") = "EshopMicro6.Services.Identity", "EshopMicro6.Services\EshopMicro6.Services.Identity\EshopMicro6.Services.Identity.csproj", "{1BA5655E-9F09-4D4F-A328-2D11BEDACBCD}"
EndProject
Project("{FAE04EC0-301F-11D3-BF4B-00C04F79EFBC}") = "EshopMicro6.Services.ShoppingCartApi", "EshopMicro6.Services\EshopMicro6.Services.ShoppingCartApi\EshopMicro6.Services.ShoppingCartApi.csproj", "{2AB4C147-DD24-40E7-8E3A-C288DA68492F}"
EndProject
Project("{FAE04EC0-301F-11D3-BF4B-00C04F79EFBC}") = "EshopMicro6.Services.CouponApi", "EshopMicro6.Services\EshopMicro6.Services.CouponApi\EshopMicro6.Services.CouponApi.csproj", "{52BB070F-AF4A-4B75-AFFF-F3F9D22BF830}"
EndProject
Project("{2150E333-8FDC-42A3-9474-1A3956D46DE8}") = "EshopMicro6.Integration", "EshopMicro6.Integration", "{4F1452DC-4716-4605-BCB7-4502C24B8CD7}"
EndProject
Project("{FAE04EC0-301F-11D3-BF4B-00C04F79EFBC}") = "EshopMicro6.Integration.MessageBus", "EshopMicro6.Integration\EshopMicro6.Integration.MessageBus\EshopMicro6.Integration.MessageBus.csproj", "{8A370CDC-9630-42FC-AD64-CEFAD26803E9}"
EndProject
Project("{FAE04EC0-301F-11D3-BF4B-00C04F79EFBC}") = "EshopMicro6.Services.OrderApi", "EshopMicro6.Services\EshopMicro6.Services.OrderApi\EshopMicro6.Services.OrderApi.csproj", "{9483FC7B-FCBB-4C54-9A28-87131DE16F41}"
EndProject
Project("{2150E333-8FDC-42A3-9474-1A3956D46DE8}") = "EshopMicro6.Payments", "EshopMicro6.Payments", "{D0450847-44C9-4DAF-8C9C-5146140C59F3}"
EndProject
Project("{FAE04EC0-301F-11D3-BF4B-00C04F79EFBC}") = "EshopMicro6.Payments.PaymentProcessor", "EshopMicro6.Payments\EshopMicro6.Payments.PaymentProcessor\EshopMicro6.Payments.PaymentProcessor.csproj", "{7DAA22EF-4C93-4DA3-948C-7577960E4C11}"
EndProject
Project("{FAE04EC0-301F-11D3-BF4B-00C04F79EFBC}") = "EshopMicro6.Services.PaymentApi", "EshopMicro6.Services\EshopMicro6.Services.PaymentApi\EshopMicro6.Services.PaymentApi.csproj", "{330D2EEE-FE8E-4935-8AD4-3C975828CA2D}"
EndProject
Project("{FAE04EC0-301F-11D3-BF4B-00C04F79EFBC}") = "EshopMicro6.Services.EmailApi", "EshopMicro6.Services\EshopMicro6.Services.EmailApi\EshopMicro6.Services.EmailApi.csproj", "{013A7A4D-166B-4F34-8ECE-A910720112D5}"
EndProject
Global
	GlobalSection(SolutionConfigurationPlatforms) = preSolution
		Debug|Any CPU = Debug|Any CPU
		Release|Any CPU = Release|Any CPU
	EndGlobalSection
	GlobalSection(SolutionProperties) = preSolution
		HideSolutionNode = FALSE
	EndGlobalSection
	GlobalSection(ProjectConfigurationPlatforms) = postSolution
		{07BDC7C6-7430-48B1-9F78-EB725FCDBC78}.Debug|Any CPU.ActiveCfg = Debug|Any CPU
		{07BDC7C6-7430-48B1-9F78-EB725FCDBC78}.Debug|Any CPU.Build.0 = Debug|Any CPU
		{07BDC7C6-7430-48B1-9F78-EB725FCDBC78}.Release|Any CPU.ActiveCfg = Release|Any CPU
		{07BDC7C6-7430-48B1-9F78-EB725FCDBC78}.Release|Any CPU.Build.0 = Release|Any CPU
		{080EE91B-6F8F-4C77-B0BC-80FC41F27892}.Debug|Any CPU.ActiveCfg = Debug|Any CPU
		{080EE91B-6F8F-4C77-B0BC-80FC41F27892}.Debug|Any CPU.Build.0 = Debug|Any CPU
		{080EE91B-6F8F-4C77-B0BC-80FC41F27892}.Release|Any CPU.ActiveCfg = Release|Any CPU
		{080EE91B-6F8F-4C77-B0BC-80FC41F27892}.Release|Any CPU.Build.0 = Release|Any CPU
		{1BA5655E-9F09-4D4F-A328-2D11BEDACBCD}.Debug|Any CPU.ActiveCfg = Debug|Any CPU
		{1BA5655E-9F09-4D4F-A328-2D11BEDACBCD}.Debug|Any CPU.Build.0 = Debug|Any CPU
		{1BA5655E-9F09-4D4F-A328-2D11BEDACBCD}.Release|Any CPU.ActiveCfg = Release|Any CPU
		{1BA5655E-9F09-4D4F-A328-2D11BEDACBCD}.Release|Any CPU.Build.0 = Release|Any CPU
		{2AB4C147-DD24-40E7-8E3A-C288DA68492F}.Debug|Any CPU.ActiveCfg = Debug|Any CPU
		{2AB4C147-DD24-40E7-8E3A-C288DA68492F}.Debug|Any CPU.Build.0 = Debug|Any CPU
		{2AB4C147-DD24-40E7-8E3A-C288DA68492F}.Release|Any CPU.ActiveCfg = Release|Any CPU
		{2AB4C147-DD24-40E7-8E3A-C288DA68492F}.Release|Any CPU.Build.0 = Release|Any CPU
		{52BB070F-AF4A-4B75-AFFF-F3F9D22BF830}.Debug|Any CPU.ActiveCfg = Debug|Any CPU
		{52BB070F-AF4A-4B75-AFFF-F3F9D22BF830}.Debug|Any CPU.Build.0 = Debug|Any CPU
		{52BB070F-AF4A-4B75-AFFF-F3F9D22BF830}.Release|Any CPU.ActiveCfg = Release|Any CPU
		{52BB070F-AF4A-4B75-AFFF-F3F9D22BF830}.Release|Any CPU.Build.0 = Release|Any CPU
		{8A370CDC-9630-42FC-AD64-CEFAD26803E9}.Debug|Any CPU.ActiveCfg = Debug|Any CPU
		{8A370CDC-9630-42FC-AD64-CEFAD26803E9}.Debug|Any CPU.Build.0 = Debug|Any CPU
		{8A370CDC-9630-42FC-AD64-CEFAD26803E9}.Release|Any CPU.ActiveCfg = Release|Any CPU
		{8A370CDC-9630-42FC-AD64-CEFAD26803E9}.Release|Any CPU.Build.0 = Release|Any CPU
		{9483FC7B-FCBB-4C54-9A28-87131DE16F41}.Debug|Any CPU.ActiveCfg = Debug|Any CPU
		{9483FC7B-FCBB-4C54-9A28-87131DE16F41}.Debug|Any CPU.Build.0 = Debug|Any CPU
		{9483FC7B-FCBB-4C54-9A28-87131DE16F41}.Release|Any CPU.ActiveCfg = Release|Any CPU
		{9483FC7B-FCBB-4C54-9A28-87131DE16F41}.Release|Any CPU.Build.0 = Release|Any CPU
		{7DAA22EF-4C93-4DA3-948C-7577960E4C11}.Debug|Any CPU.ActiveCfg = Debug|Any CPU
		{7DAA22EF-4C93-4DA3-948C-7577960E4C11}.Debug|Any CPU.Build.0 = Debug|Any CPU
		{7DAA22EF-4C93-4DA3-948C-7577960E4C11}.Release|Any CPU.ActiveCfg = Release|Any CPU
		{7DAA22EF-4C93-4DA3-948C-7577960E4C11}.Release|Any CPU.Build.0 = Release|Any CPU
		{330D2EEE-FE8E-4935-8AD4-3C975828CA2D}.Debug|Any CPU.ActiveCfg = Debug|Any CPU
		{330D2EEE-FE8E-4935-8AD4-3C975828CA2D}.Debug|Any CPU.Build.0 = Debug|Any CPU
		{330D2EEE-FE8E-4935-8AD4-3C975828CA2D}.Release|Any CPU.ActiveCfg = Release|Any CPU
		{330D2EEE-FE8E-4935-8AD4-3C975828CA2D}.Release|Any CPU.Build.0 = Release|Any CPU
		{013A7A4D-166B-4F34-8ECE-A910720112D5}.Debug|Any CPU.ActiveCfg = Debug|Any CPU
		{013A7A4D-166B-4F34-8ECE-A910720112D5}.Debug|Any CPU.Build.0 = Debug|Any CPU
		{013A7A4D-166B-4F34-8ECE-A910720112D5}.Release|Any CPU.ActiveCfg = Release|Any CPU
		{013A7A4D-166B-4F34-8ECE-A910720112D5}.Release|Any CPU.Build.0 = Release|Any CPU
	EndGlobalSection
	GlobalSection(NestedProjects) = preSolution
		{080EE91B-6F8F-4C77-B0BC-80FC41F27892} = {504CE8BA-35BC-407B-ABDC-53E28D9BFC6A}
		{1BA5655E-9F09-4D4F-A328-2D11BEDACBCD} = {504CE8BA-35BC-407B-ABDC-53E28D9BFC6A}
		{2AB4C147-DD24-40E7-8E3A-C288DA68492F} = {504CE8BA-35BC-407B-ABDC-53E28D9BFC6A}
		{52BB070F-AF4A-4B75-AFFF-F3F9D22BF830} = {504CE8BA-35BC-407B-ABDC-53E28D9BFC6A}
		{8A370CDC-9630-42FC-AD64-CEFAD26803E9} = {4F1452DC-4716-4605-BCB7-4502C24B8CD7}
		{9483FC7B-FCBB-4C54-9A28-87131DE16F41} = {504CE8BA-35BC-407B-ABDC-53E28D9BFC6A}
		{7DAA22EF-4C93-4DA3-948C-7577960E4C11} = {D0450847-44C9-4DAF-8C9C-5146140C59F3}
		{330D2EEE-FE8E-4935-8AD4-3C975828CA2D} = {504CE8BA-35BC-407B-ABDC-53E28D9BFC6A}
		{013A7A4D-166B-4F34-8ECE-A910720112D5} = {504CE8BA-35BC-407B-ABDC-53E28D9BFC6A}
	EndGlobalSection
EndGlobal
